
Microsoft Visual Studio Solution File, Format Version 12.00
# Visual Studio Version 17
VisualStudioVersion = 17.11.35312.102
MinimumVisualStudioVersion = 10.0.40219.1
Project("{9A19103F-16F7-4668-BE54-9A1E7A4F7556}") = "Tasks.API", "Tasks.API\Tasks.API.csproj", "{6F565ACC-8FD5-4EC0-86D0-1A57726E2311}"
EndProject
Project("{9A19103F-16F7-4668-BE54-9A1E7A4F7556}") = "Dal", "Dal\Dal.csproj", "{115F4DC5-7389-4C3B-A27F-AE81F8BE64E5}"
EndProject
Global
	GlobalSection(SolutionConfigurationPlatforms) = preSolution
		Debug|Any CPU = Debug|Any CPU
		Release|Any CPU = Release|Any CPU
	EndGlobalSection
	GlobalSection(ProjectConfigurationPlatforms) = postSolution
		{6F565ACC-8FD5-4EC0-86D0-1A57726E2311}.Debug|Any CPU.ActiveCfg = Debug|Any CPU
		{6F565ACC-8FD5-4EC0-86D0-1A57726E2311}.Debug|Any CPU.Build.0 = Debug|Any CPU
		{6F565ACC-8FD5-4EC0-86D0-1A57726E2311}.Release|Any CPU.ActiveCfg = Release|Any CPU
		{6F565ACC-8FD5-4EC0-86D0-1A57726E2311}.Release|Any CPU.Build.0 = Release|Any CPU
		{115F4DC5-7389-4C3B-A27F-AE81F8BE64E5}.Debug|Any CPU.ActiveCfg = Debug|Any CPU
		{115F4DC5-7389-4C3B-A27F-AE81F8BE64E5}.Debug|Any CPU.Build.0 = Debug|Any CPU
		{115F4DC5-7389-4C3B-A27F-AE81F8BE64E5}.Release|Any CPU.ActiveCfg = Release|Any CPU
		{115F4DC5-7389-4C3B-A27F-AE81F8BE64E5}.Release|Any CPU.Build.0 = Release|Any CPU
	EndGlobalSection
	GlobalSection(SolutionProperties) = preSolution
		HideSolutionNode = FALSE
	EndGlobalSection
	GlobalSection(ExtensibilityGlobals) = postSolution
		SolutionGuid = {20B1E1F7-C791-4D46-AB5B-112AB516986F}
	EndGlobalSection
EndGlobal
